// !$*UTF8*$!
{
	archiveVersion = 1;
	classes = {
	};
	objectVersion = 50;
	objects = {

/* Begin PBXBuildFile section */
		4A1EB6F32CD043760091E6A8 /* applescript.csv in Resources */ = {isa = PBXBuildFile; fileRef = 4A1EB6F22CD043760091E6A8 /* applescript.csv */; };
		4AE527D22D1E289A003633C2 /* SharedTimeStamp.swift in Sources */ = {isa = PBXBuildFile; fileRef = 4AE527D12D1E2890003633C2 /* SharedTimeStamp.swift */; };
		990721F32C472713000ED488 /* ApplescriptFileLoad.swift in Sources */ = {isa = PBXBuildFile; fileRef = 990721F22C472713000ED488 /* ApplescriptFileLoad.swift */; };
		EA00F620294D227800D54360 /* setVideoPath.swift in Sources */ = {isa = PBXBuildFile; fileRef = EA00F61E294D227800D54360 /* setVideoPath.swift */; };
		EA00F621294D227800D54360 /* setVideoPath.xib in Resources */ = {isa = PBXBuildFile; fileRef = EA00F61F294D227800D54360 /* setVideoPath.xib */; };
		EA00F623294D254300D54360 /* alertDialog.swift in Sources */ = {isa = PBXBuildFile; fileRef = EA00F622294D254300D54360 /* alertDialog.swift */; };
		EA0383382941427000FAC0A0 /* ScreenshotInfo.swift in Sources */ = {isa = PBXBuildFile; fileRef = EA0383372941427000FAC0A0 /* ScreenshotInfo.swift */; };
		EA03833A2941439300FAC0A0 /* takeScreenshot.swift in Sources */ = {isa = PBXBuildFile; fileRef = EA0383392941439300FAC0A0 /* takeScreenshot.swift */; };
		EA03833C29414FE600FAC0A0 /* imagesToVideo.swift in Sources */ = {isa = PBXBuildFile; fileRef = EA03833B29414FE600FAC0A0 /* imagesToVideo.swift */; };
		EA03834529427D4400FAC0A0 /* videoWatchWindow.swift in Sources */ = {isa = PBXBuildFile; fileRef = EA03834329427D4400FAC0A0 /* videoWatchWindow.swift */; };
		EA03834629427D4400FAC0A0 /* videoWatchWindow.xib in Resources */ = {isa = PBXBuildFile; fileRef = EA03834429427D4400FAC0A0 /* videoWatchWindow.xib */; };
		EA078254297505D30091F87E /* notificationClass.swift in Sources */ = {isa = PBXBuildFile; fileRef = EA078253297505D30091F87E /* notificationClass.swift */; };
		EAD8B195296BD905002008C8 /* ffmpeg-5.1.2.7z in Resources */ = {isa = PBXBuildFile; fileRef = EAD8B194296BD905002008C8 /* ffmpeg-5.1.2.7z */; };
		EAD8B197296BE3BF002008C8 /* ffmpegFunctions.swift in Sources */ = {isa = PBXBuildFile; fileRef = EAD8B196296BE3BF002008C8 /* ffmpegFunctions.swift */; };
		EAD8B199296BE899002008C8 /* ffmpeg in Resources */ = {isa = PBXBuildFile; fileRef = EAD8B198296BE899002008C8 /* ffmpeg */; };
		EAF1010228D12BAE00065763 /* AppDelegate.swift in Sources */ = {isa = PBXBuildFile; fileRef = EAF1010128D12BAE00065763 /* AppDelegate.swift */; };
		EAF1010428D12BAE00065763 /* ViewController.swift in Sources */ = {isa = PBXBuildFile; fileRef = EAF1010328D12BAE00065763 /* ViewController.swift */; };
		EAF1010728D12BAE00065763 /* TimeLapseVideoProject.xcdatamodeld in Sources */ = {isa = PBXBuildFile; fileRef = EAF1010528D12BAE00065763 /* TimeLapseVideoProject.xcdatamodeld */; };
		EAF1010928D12BB600065763 /* Assets.xcassets in Resources */ = {isa = PBXBuildFile; fileRef = EAF1010828D12BB600065763 /* Assets.xcassets */; };
		EAF1010C28D12BB600065763 /* Main.storyboard in Resources */ = {isa = PBXBuildFile; fileRef = EAF1010A28D12BB600065763 /* Main.storyboard */; };
		EAF1011828D12BB600065763 /* TimeLapseVideoProjectTests.swift in Sources */ = {isa = PBXBuildFile; fileRef = EAF1011728D12BB600065763 /* TimeLapseVideoProjectTests.swift */; };
/* End PBXBuildFile section */

/* Begin PBXContainerItemProxy section */
		EAF1011428D12BB600065763 /* PBXContainerItemProxy */ = {
			isa = PBXContainerItemProxy;
			containerPortal = EAF100F628D12BAE00065763 /* Project object */;
			proxyType = 1;
			remoteGlobalIDString = EAF100FD28D12BAE00065763;
			remoteInfo = TimeLapseVideoProject;
		};
/* End PBXContainerItemProxy section */

/* Begin PBXFileReference section */
		4A1EB6F22CD043760091E6A8 /* applescript.csv */ = {isa = PBXFileReference; lastKnownFileType = text; path = applescript.csv; sourceTree = "<group>"; };
		4AE527D12D1E2890003633C2 /* SharedTimeStamp.swift */ = {isa = PBXFileReference; lastKnownFileType = sourcecode.swift; path = SharedTimeStamp.swift; sourceTree = "<group>"; };
		990721F22C472713000ED488 /* ApplescriptFileLoad.swift */ = {isa = PBXFileReference; lastKnownFileType = sourcecode.swift; path = ApplescriptFileLoad.swift; sourceTree = "<group>"; };
		EA00F61E294D227800D54360 /* setVideoPath.swift */ = {isa = PBXFileReference; lastKnownFileType = sourcecode.swift; path = setVideoPath.swift; sourceTree = "<group>"; };
		EA00F61F294D227800D54360 /* setVideoPath.xib */ = {isa = PBXFileReference; lastKnownFileType = file.xib; path = setVideoPath.xib; sourceTree = "<group>"; };
		EA00F622294D254300D54360 /* alertDialog.swift */ = {isa = PBXFileReference; lastKnownFileType = sourcecode.swift; path = alertDialog.swift; sourceTree = "<group>"; };
		EA0383372941427000FAC0A0 /* ScreenshotInfo.swift */ = {isa = PBXFileReference; lastKnownFileType = sourcecode.swift; path = ScreenshotInfo.swift; sourceTree = "<group>"; };
		EA0383392941439300FAC0A0 /* takeScreenshot.swift */ = {isa = PBXFileReference; lastKnownFileType = sourcecode.swift; path = takeScreenshot.swift; sourceTree = "<group>"; };
		EA03833B29414FE600FAC0A0 /* imagesToVideo.swift */ = {isa = PBXFileReference; lastKnownFileType = sourcecode.swift; path = imagesToVideo.swift; sourceTree = "<group>"; };
		EA03834329427D4400FAC0A0 /* videoWatchWindow.swift */ = {isa = PBXFileReference; lastKnownFileType = sourcecode.swift; path = videoWatchWindow.swift; sourceTree = "<group>"; };
		EA03834429427D4400FAC0A0 /* videoWatchWindow.xib */ = {isa = PBXFileReference; lastKnownFileType = file.xib; path = videoWatchWindow.xib; sourceTree = "<group>"; };
		EA078253297505D30091F87E /* notificationClass.swift */ = {isa = PBXFileReference; lastKnownFileType = sourcecode.swift; path = notificationClass.swift; sourceTree = "<group>"; };
		EAD8B194296BD905002008C8 /* ffmpeg-5.1.2.7z */ = {isa = PBXFileReference; lastKnownFileType = file; path = "ffmpeg-5.1.2.7z"; sourceTree = "<group>"; };
		EAD8B196296BE3BF002008C8 /* ffmpegFunctions.swift */ = {isa = PBXFileReference; lastKnownFileType = sourcecode.swift; path = ffmpegFunctions.swift; sourceTree = "<group>"; };
		EAD8B198296BE899002008C8 /* ffmpeg */ = {isa = PBXFileReference; lastKnownFileType = "compiled.mach-o.executable"; path = ffmpeg; sourceTree = "<group>"; };
		EAF100FE28D12BAE00065763 /* TimeLapseVideoProject.app */ = {isa = PBXFileReference; explicitFileType = wrapper.application; includeInIndex = 0; path = TimeLapseVideoProject.app; sourceTree = BUILT_PRODUCTS_DIR; };
		EAF1010128D12BAE00065763 /* AppDelegate.swift */ = {isa = PBXFileReference; lastKnownFileType = sourcecode.swift; path = AppDelegate.swift; sourceTree = "<group>"; };
		EAF1010328D12BAE00065763 /* ViewController.swift */ = {isa = PBXFileReference; lastKnownFileType = sourcecode.swift; path = ViewController.swift; sourceTree = "<group>"; };
		EAF1010628D12BAE00065763 /* TimeLapseVideoProject.xcdatamodel */ = {isa = PBXFileReference; lastKnownFileType = wrapper.xcdatamodel; path = TimeLapseVideoProject.xcdatamodel; sourceTree = "<group>"; };
		EAF1010828D12BB600065763 /* Assets.xcassets */ = {isa = PBXFileReference; lastKnownFileType = folder.assetcatalog; path = Assets.xcassets; sourceTree = "<group>"; };
		EAF1010B28D12BB600065763 /* Base */ = {isa = PBXFileReference; lastKnownFileType = file.storyboard; name = Base; path = Base.lproj/Main.storyboard; sourceTree = "<group>"; };
		EAF1010D28D12BB600065763 /* Info.plist */ = {isa = PBXFileReference; lastKnownFileType = text.plist.xml; path = Info.plist; sourceTree = "<group>"; };
		EAF1010E28D12BB600065763 /* TimeLapseVideoProject.entitlements */ = {isa = PBXFileReference; lastKnownFileType = text.plist.entitlements; path = TimeLapseVideoProject.entitlements; sourceTree = "<group>"; };
		EAF1011328D12BB600065763 /* TimeLapseVideoProjectTests.xctest */ = {isa = PBXFileReference; explicitFileType = wrapper.cfbundle; includeInIndex = 0; path = TimeLapseVideoProjectTests.xctest; sourceTree = BUILT_PRODUCTS_DIR; };
		EAF1011728D12BB600065763 /* TimeLapseVideoProjectTests.swift */ = {isa = PBXFileReference; lastKnownFileType = sourcecode.swift; path = TimeLapseVideoProjectTests.swift; sourceTree = "<group>"; };
		EAF1011928D12BB600065763 /* Info.plist */ = {isa = PBXFileReference; lastKnownFileType = text.plist.xml; path = Info.plist; sourceTree = "<group>"; };
/* End PBXFileReference section */

/* Begin PBXFrameworksBuildPhase section */
		EAF100FB28D12BAE00065763 /* Frameworks */ = {
			isa = PBXFrameworksBuildPhase;
			buildActionMask = 2147483647;
			files = (
			);
			runOnlyForDeploymentPostprocessing = 0;
		};
		EAF1011028D12BB600065763 /* Frameworks */ = {
			isa = PBXFrameworksBuildPhase;
			buildActionMask = 2147483647;
			files = (
			);
			runOnlyForDeploymentPostprocessing = 0;
		};
/* End PBXFrameworksBuildPhase section */

/* Begin PBXGroup section */
		EAD8B191296BD6D8002008C8 /* Packages */ = {
			isa = PBXGroup;
			children = (
				EAD8B198296BE899002008C8 /* ffmpeg */,
				EAD8B194296BD905002008C8 /* ffmpeg-5.1.2.7z */,
			);
			path = Packages;
			sourceTree = "<group>";
		};
		EAF100F528D12BAE00065763 = {
			isa = PBXGroup;
			children = (
				EAD8B191296BD6D8002008C8 /* Packages */,
				EAF1010028D12BAE00065763 /* TimeLapseVideoProject */,
				EAF1011628D12BB600065763 /* TimeLapseVideoProjectTests */,
				EAF100FF28D12BAE00065763 /* Products */,
			);
			sourceTree = "<group>";
		};
		EAF100FF28D12BAE00065763 /* Products */ = {
			isa = PBXGroup;
			children = (
				EAF100FE28D12BAE00065763 /* TimeLapseVideoProject.app */,
				EAF1011328D12BB600065763 /* TimeLapseVideoProjectTests.xctest */,
			);
			name = Products;
			sourceTree = "<group>";
		};
		EAF1010028D12BAE00065763 /* TimeLapseVideoProject */ = {
			isa = PBXGroup;
			children = (
				4AE527D12D1E2890003633C2 /* SharedTimeStamp.swift */,
				EAF1010128D12BAE00065763 /* AppDelegate.swift */,
				EAF1010328D12BAE00065763 /* ViewController.swift */,
				EAF1010A28D12BB600065763 /* Main.storyboard */,
				EAF1010E28D12BB600065763 /* TimeLapseVideoProject.entitlements */,
				EAF1010D28D12BB600065763 /* Info.plist */,
				EAF1010528D12BAE00065763 /* TimeLapseVideoProject.xcdatamodeld */,
				EAF1010828D12BB600065763 /* Assets.xcassets */,
				EA00F622294D254300D54360 /* alertDialog.swift */,
				EA0383372941427000FAC0A0 /* ScreenshotInfo.swift */,
				EA0383392941439300FAC0A0 /* takeScreenshot.swift */,
				4A1EB6F22CD043760091E6A8 /* applescript.csv */,
				990721F22C472713000ED488 /* ApplescriptFileLoad.swift */,
				EA03833B29414FE600FAC0A0 /* imagesToVideo.swift */,
				EA03834329427D4400FAC0A0 /* videoWatchWindow.swift */,
				EA03834429427D4400FAC0A0 /* videoWatchWindow.xib */,
				EA00F61E294D227800D54360 /* setVideoPath.swift */,
				EA00F61F294D227800D54360 /* setVideoPath.xib */,
				EAD8B196296BE3BF002008C8 /* ffmpegFunctions.swift */,
				EA078253297505D30091F87E /* notificationClass.swift */,
			);
			path = TimeLapseVideoProject;
			sourceTree = "<group>";
		};
		EAF1011628D12BB600065763 /* TimeLapseVideoProjectTests */ = {
			isa = PBXGroup;
			children = (
				EAF1011728D12BB600065763 /* TimeLapseVideoProjectTests.swift */,
				EAF1011928D12BB600065763 /* Info.plist */,
			);
			path = TimeLapseVideoProjectTests;
			sourceTree = "<group>";
		};
/* End PBXGroup section */

/* Begin PBXNativeTarget section */
		EAF100FD28D12BAE00065763 /* TimeLapseVideoProject */ = {
			isa = PBXNativeTarget;
			buildConfigurationList = EAF1011C28D12BB600065763 /* Build configuration list for PBXNativeTarget "TimeLapseVideoProject" */;
			buildPhases = (
				EAF100FA28D12BAE00065763 /* Sources */,
				EAF100FB28D12BAE00065763 /* Frameworks */,
				EAF100FC28D12BAE00065763 /* Resources */,
			);
			buildRules = (
			);
			dependencies = (
			);
			name = TimeLapseVideoProject;
			productName = TimeLapseVideoProject;
			productReference = EAF100FE28D12BAE00065763 /* TimeLapseVideoProject.app */;
			productType = "com.apple.product-type.application";
		};
		EAF1011228D12BB600065763 /* TimeLapseVideoProjectTests */ = {
			isa = PBXNativeTarget;
			buildConfigurationList = EAF1011F28D12BB600065763 /* Build configuration list for PBXNativeTarget "TimeLapseVideoProjectTests" */;
			buildPhases = (
				EAF1010F28D12BB600065763 /* Sources */,
				EAF1011028D12BB600065763 /* Frameworks */,
				EAF1011128D12BB600065763 /* Resources */,
			);
			buildRules = (
			);
			dependencies = (
				EAF1011528D12BB600065763 /* PBXTargetDependency */,
			);
			name = TimeLapseVideoProjectTests;
			productName = TimeLapseVideoProjectTests;
			productReference = EAF1011328D12BB600065763 /* TimeLapseVideoProjectTests.xctest */;
			productType = "com.apple.product-type.bundle.unit-test";
		};
/* End PBXNativeTarget section */

/* Begin PBXProject section */
		EAF100F628D12BAE00065763 /* Project object */ = {
			isa = PBXProject;
			attributes = {
				LastSwiftUpdateCheck = 1170;
				LastUpgradeCheck = 1420;
				ORGANIZATIONNAME = "Donghan Hu";
				TargetAttributes = {
					EAF100FD28D12BAE00065763 = {
						CreatedOnToolsVersion = 11.7;
					};
					EAF1011228D12BB600065763 = {
						CreatedOnToolsVersion = 11.7;
						TestTargetID = EAF100FD28D12BAE00065763;
					};
				};
			};
			buildConfigurationList = EAF100F928D12BAE00065763 /* Build configuration list for PBXProject "TimeLapseVideoProject" */;
			compatibilityVersion = "Xcode 9.3";
			developmentRegion = en;
			hasScannedForEncodings = 0;
			knownRegions = (
				en,
				Base,
			);
			mainGroup = EAF100F528D12BAE00065763;
			productRefGroup = EAF100FF28D12BAE00065763 /* Products */;
			projectDirPath = "";
			projectRoot = "";
			targets = (
				EAF100FD28D12BAE00065763 /* TimeLapseVideoProject */,
				EAF1011228D12BB600065763 /* TimeLapseVideoProjectTests */,
			);
		};
/* End PBXProject section */

/* Begin PBXResourcesBuildPhase section */
		EAF100FC28D12BAE00065763 /* Resources */ = {
			isa = PBXResourcesBuildPhase;
			buildActionMask = 2147483647;
			files = (
				EAD8B199296BE899002008C8 /* ffmpeg in Resources */,
				EAD8B195296BD905002008C8 /* ffmpeg-5.1.2.7z in Resources */,
				EAF1010928D12BB600065763 /* Assets.xcassets in Resources */,
				EA00F621294D227800D54360 /* setVideoPath.xib in Resources */,
				EAF1010C28D12BB600065763 /* Main.storyboard in Resources */,
				EA03834629427D4400FAC0A0 /* videoWatchWindow.xib in Resources */,
				4A1EB6F32CD043760091E6A8 /* applescript.csv in Resources */,
			);
			runOnlyForDeploymentPostprocessing = 0;
		};
		EAF1011128D12BB600065763 /* Resources */ = {
			isa = PBXResourcesBuildPhase;
			buildActionMask = 2147483647;
			files = (
			);
			runOnlyForDeploymentPostprocessing = 0;
		};
/* End PBXResourcesBuildPhase section */

/* Begin PBXSourcesBuildPhase section */
		EAF100FA28D12BAE00065763 /* Sources */ = {
			isa = PBXSourcesBuildPhase;
			buildActionMask = 2147483647;
			files = (
				4AE527D22D1E289A003633C2 /* SharedTimeStamp.swift in Sources */,
				EA00F623294D254300D54360 /* alertDialog.swift in Sources */,
				EAF1010428D12BAE00065763 /* ViewController.swift in Sources */,
				EA078254297505D30091F87E /* notificationClass.swift in Sources */,
				990721F32C472713000ED488 /* ApplescriptFileLoad.swift in Sources */,
				EA0383382941427000FAC0A0 /* ScreenshotInfo.swift in Sources */,
				EAF1010728D12BAE00065763 /* TimeLapseVideoProject.xcdatamodeld in Sources */,
				EA03833A2941439300FAC0A0 /* takeScreenshot.swift in Sources */,
				EA03833C29414FE600FAC0A0 /* imagesToVideo.swift in Sources */,
				EAD8B197296BE3BF002008C8 /* ffmpegFunctions.swift in Sources */,
				EA00F620294D227800D54360 /* setVideoPath.swift in Sources */,
				EAF1010228D12BAE00065763 /* AppDelegate.swift in Sources */,
				EA03834529427D4400FAC0A0 /* videoWatchWindow.swift in Sources */,
			);
			runOnlyForDeploymentPostprocessing = 0;
		};
		EAF1010F28D12BB600065763 /* Sources */ = {
			isa = PBXSourcesBuildPhase;
			buildActionMask = 2147483647;
			files = (
				EAF1011828D12BB600065763 /* TimeLapseVideoProjectTests.swift in Sources */,
			);
			runOnlyForDeploymentPostprocessing = 0;
		};
/* End PBXSourcesBuildPhase section */

/* Begin PBXTargetDependency section */
		EAF1011528D12BB600065763 /* PBXTargetDependency */ = {
			isa = PBXTargetDependency;
			target = EAF100FD28D12BAE00065763 /* TimeLapseVideoProject */;
			targetProxy = EAF1011428D12BB600065763 /* PBXContainerItemProxy */;
		};
/* End PBXTargetDependency section */

/* Begin PBXVariantGroup section */
		EAF1010A28D12BB600065763 /* Main.storyboard */ = {
			isa = PBXVariantGroup;
			children = (
				EAF1010B28D12BB600065763 /* Base */,
			);
			name = Main.storyboard;
			sourceTree = "<group>";
		};
/* End PBXVariantGroup section */

/* Begin XCBuildConfiguration section */
		EAF1011A28D12BB600065763 /* Debug */ = {
			isa = XCBuildConfiguration;
			buildSettings = {
				ALWAYS_SEARCH_USER_PATHS = NO;
				CLANG_ANALYZER_NONNULL = YES;
				CLANG_ANALYZER_NUMBER_OBJECT_CONVERSION = YES_AGGRESSIVE;
				CLANG_CXX_LANGUAGE_STANDARD = "gnu++14";
				CLANG_CXX_LIBRARY = "libc++";
				CLANG_ENABLE_MODULES = YES;
				CLANG_ENABLE_OBJC_ARC = YES;
				CLANG_ENABLE_OBJC_WEAK = YES;
				CLANG_WARN_BLOCK_CAPTURE_AUTORELEASING = YES;
				CLANG_WARN_BOOL_CONVERSION = YES;
				CLANG_WARN_COMMA = YES;
				CLANG_WARN_CONSTANT_CONVERSION = YES;
				CLANG_WARN_DEPRECATED_OBJC_IMPLEMENTATIONS = YES;
				CLANG_WARN_DIRECT_OBJC_ISA_USAGE = YES_ERROR;
				CLANG_WARN_DOCUMENTATION_COMMENTS = YES;
				CLANG_WARN_EMPTY_BODY = YES;
				CLANG_WARN_ENUM_CONVERSION = YES;
				CLANG_WARN_INFINITE_RECURSION = YES;
				CLANG_WARN_INT_CONVERSION = YES;
				CLANG_WARN_NON_LITERAL_NULL_CONVERSION = YES;
				CLANG_WARN_OBJC_IMPLICIT_RETAIN_SELF = YES;
				CLANG_WARN_OBJC_LITERAL_CONVERSION = YES;
				CLANG_WARN_OBJC_ROOT_CLASS = YES_ERROR;
				CLANG_WARN_QUOTED_INCLUDE_IN_FRAMEWORK_HEADER = YES;
				CLANG_WARN_RANGE_LOOP_ANALYSIS = YES;
				CLANG_WARN_STRICT_PROTOTYPES = YES;
				CLANG_WARN_SUSPICIOUS_MOVE = YES;
				CLANG_WARN_UNGUARDED_AVAILABILITY = YES_AGGRESSIVE;
				CLANG_WARN_UNREACHABLE_CODE = YES;
				CLANG_WARN__DUPLICATE_METHOD_MATCH = YES;
				COPY_PHASE_STRIP = NO;
				DEAD_CODE_STRIPPING = YES;
				DEBUG_INFORMATION_FORMAT = dwarf;
				ENABLE_STRICT_OBJC_MSGSEND = YES;
				ENABLE_TESTABILITY = YES;
				GCC_C_LANGUAGE_STANDARD = gnu11;
				GCC_DYNAMIC_NO_PIC = NO;
				GCC_NO_COMMON_BLOCKS = YES;
				GCC_OPTIMIZATION_LEVEL = 0;
				GCC_PREPROCESSOR_DEFINITIONS = (
					"DEBUG=1",
					"$(inherited)",
				);
				GCC_WARN_64_TO_32_BIT_CONVERSION = YES;
				GCC_WARN_ABOUT_RETURN_TYPE = YES_ERROR;
				GCC_WARN_UNDECLARED_SELECTOR = YES;
				GCC_WARN_UNINITIALIZED_AUTOS = YES_AGGRESSIVE;
				GCC_WARN_UNUSED_FUNCTION = YES;
				GCC_WARN_UNUSED_VARIABLE = YES;
				MACOSX_DEPLOYMENT_TARGET = 10.15;
				MTL_ENABLE_DEBUG_INFO = INCLUDE_SOURCE;
				MTL_FAST_MATH = YES;
				ONLY_ACTIVE_ARCH = YES;
				SDKROOT = macosx;
				SWIFT_ACTIVE_COMPILATION_CONDITIONS = DEBUG;
				SWIFT_OPTIMIZATION_LEVEL = "-Onone";
			};
			name = Debug;
		};
		EAF1011B28D12BB600065763 /* Release */ = {
			isa = XCBuildConfiguration;
			buildSettings = {
				ALWAYS_SEARCH_USER_PATHS = NO;
				CLANG_ANALYZER_NONNULL = YES;
				CLANG_ANALYZER_NUMBER_OBJECT_CONVERSION = YES_AGGRESSIVE;
				CLANG_CXX_LANGUAGE_STANDARD = "gnu++14";
				CLANG_CXX_LIBRARY = "libc++";
				CLANG_ENABLE_MODULES = YES;
				CLANG_ENABLE_OBJC_ARC = YES;
				CLANG_ENABLE_OBJC_WEAK = YES;
				CLANG_WARN_BLOCK_CAPTURE_AUTORELEASING = YES;
				CLANG_WARN_BOOL_CONVERSION = YES;
				CLANG_WARN_COMMA = YES;
				CLANG_WARN_CONSTANT_CONVERSION = YES;
				CLANG_WARN_DEPRECATED_OBJC_IMPLEMENTATIONS = YES;
				CLANG_WARN_DIRECT_OBJC_ISA_USAGE = YES_ERROR;
				CLANG_WARN_DOCUMENTATION_COMMENTS = YES;
				CLANG_WARN_EMPTY_BODY = YES;
				CLANG_WARN_ENUM_CONVERSION = YES;
				CLANG_WARN_INFINITE_RECURSION = YES;
				CLANG_WARN_INT_CONVERSION = YES;
				CLANG_WARN_NON_LITERAL_NULL_CONVERSION = YES;
				CLANG_WARN_OBJC_IMPLICIT_RETAIN_SELF = YES;
				CLANG_WARN_OBJC_LITERAL_CONVERSION = YES;
				CLANG_WARN_OBJC_ROOT_CLASS = YES_ERROR;
				CLANG_WARN_QUOTED_INCLUDE_IN_FRAMEWORK_HEADER = YES;
				CLANG_WARN_RANGE_LOOP_ANALYSIS = YES;
				CLANG_WARN_STRICT_PROTOTYPES = YES;
				CLANG_WARN_SUSPICIOUS_MOVE = YES;
				CLANG_WARN_UNGUARDED_AVAILABILITY = YES_AGGRESSIVE;
				CLANG_WARN_UNREACHABLE_CODE = YES;
				CLANG_WARN__DUPLICATE_METHOD_MATCH = YES;
				COPY_PHASE_STRIP = NO;
				DEAD_CODE_STRIPPING = YES;
				DEBUG_INFORMATION_FORMAT = "dwarf-with-dsym";
				ENABLE_NS_ASSERTIONS = NO;
				ENABLE_STRICT_OBJC_MSGSEND = YES;
				GCC_C_LANGUAGE_STANDARD = gnu11;
				GCC_NO_COMMON_BLOCKS = YES;
				GCC_WARN_64_TO_32_BIT_CONVERSION = YES;
				GCC_WARN_ABOUT_RETURN_TYPE = YES_ERROR;
				GCC_WARN_UNDECLARED_SELECTOR = YES;
				GCC_WARN_UNINITIALIZED_AUTOS = YES_AGGRESSIVE;
				GCC_WARN_UNUSED_FUNCTION = YES;
				GCC_WARN_UNUSED_VARIABLE = YES;
				MACOSX_DEPLOYMENT_TARGET = 10.15;
				MTL_ENABLE_DEBUG_INFO = NO;
				MTL_FAST_MATH = YES;
				SDKROOT = macosx;
				SWIFT_COMPILATION_MODE = wholemodule;
				SWIFT_OPTIMIZATION_LEVEL = "-O";
			};
			name = Release;
		};
		EAF1011D28D12BB600065763 /* Debug */ = {
			isa = XCBuildConfiguration;
			buildSettings = {
				ASSETCATALOG_COMPILER_APPICON_NAME = AppIcon;
				CODE_SIGN_ENTITLEMENTS = TimeLapseVideoProject/TimeLapseVideoProject.entitlements;
				CODE_SIGN_IDENTITY = "-";
				CODE_SIGN_STYLE = Automatic;
				COMBINE_HIDPI_IMAGES = YES;
				DEAD_CODE_STRIPPING = YES;
				INFOPLIST_FILE = TimeLapseVideoProject/Info.plist;
				LD_RUNPATH_SEARCH_PATHS = (
					"$(inherited)",
					"@executable_path/../Frameworks",
				);
				PRODUCT_BUNDLE_IDENTIFIER = "Donghan-Hu.TimeLapseVideoProject";
				PRODUCT_NAME = "$(TARGET_NAME)";
				SWIFT_VERSION = 5.0;
			};
			name = Debug;
		};
		EAF1011E28D12BB600065763 /* Release */ = {
			isa = XCBuildConfiguration;
			buildSettings = {
				ASSETCATALOG_COMPILER_APPICON_NAME = AppIcon;
				CODE_SIGN_ENTITLEMENTS = TimeLapseVideoProject/TimeLapseVideoProject.entitlements;
				CODE_SIGN_IDENTITY = "-";
				CODE_SIGN_STYLE = Automatic;
				COMBINE_HIDPI_IMAGES = YES;
				DEAD_CODE_STRIPPING = YES;
				INFOPLIST_FILE = TimeLapseVideoProject/Info.plist;
				LD_RUNPATH_SEARCH_PATHS = (
					"$(inherited)",
					"@executable_path/../Frameworks",
				);
				PRODUCT_BUNDLE_IDENTIFIER = "Donghan-Hu.TimeLapseVideoProject";
				PRODUCT_NAME = "$(TARGET_NAME)";
				SWIFT_VERSION = 5.0;
			};
			name = Release;
		};
		EAF1012028D12BB600065763 /* Debug */ = {
			isa = XCBuildConfiguration;
			buildSettings = {
				ALWAYS_EMBED_SWIFT_STANDARD_LIBRARIES = YES;
				BUNDLE_LOADER = "$(TEST_HOST)";
				CODE_SIGN_STYLE = Automatic;
				COMBINE_HIDPI_IMAGES = YES;
				DEAD_CODE_STRIPPING = YES;
				INFOPLIST_FILE = TimeLapseVideoProjectTests/Info.plist;
				LD_RUNPATH_SEARCH_PATHS = (
					"$(inherited)",
					"@executable_path/../Frameworks",
					"@loader_path/../Frameworks",
				);
				MACOSX_DEPLOYMENT_TARGET = 10.15;
				PRODUCT_BUNDLE_IDENTIFIER = "Donghan-Hu.TimeLapseVideoProjectTests";
				PRODUCT_NAME = "$(TARGET_NAME)";
				SWIFT_VERSION = 5.0;
				TEST_HOST = "$(BUILT_PRODUCTS_DIR)/TimeLapseVideoProject.app/Contents/MacOS/TimeLapseVideoProject";
			};
			name = Debug;
		};
		EAF1012128D12BB600065763 /* Release */ = {
			isa = XCBuildConfiguration;
			buildSettings = {
				ALWAYS_EMBED_SWIFT_STANDARD_LIBRARIES = YES;
				BUNDLE_LOADER = "$(TEST_HOST)";
				CODE_SIGN_STYLE = Automatic;
				COMBINE_HIDPI_IMAGES = YES;
				DEAD_CODE_STRIPPING = YES;
				INFOPLIST_FILE = TimeLapseVideoProjectTests/Info.plist;
				LD_RUNPATH_SEARCH_PATHS = (
					"$(inherited)",
					"@executable_path/../Frameworks",
					"@loader_path/../Frameworks",
				);
				MACOSX_DEPLOYMENT_TARGET = 10.15;
				PRODUCT_BUNDLE_IDENTIFIER = "Donghan-Hu.TimeLapseVideoProjectTests";
				PRODUCT_NAME = "$(TARGET_NAME)";
				SWIFT_VERSION = 5.0;
				TEST_HOST = "$(BUILT_PRODUCTS_DIR)/TimeLapseVideoProject.app/Contents/MacOS/TimeLapseVideoProject";
			};
			name = Release;
		};
/* End XCBuildConfiguration section */

/* Begin XCConfigurationList section */
		EAF100F928D12BAE00065763 /* Build configuration list for PBXProject "TimeLapseVideoProject" */ = {
			isa = XCConfigurationList;
			buildConfigurations = (
				EAF1011A28D12BB600065763 /* Debug */,
				EAF1011B28D12BB600065763 /* Release */,
			);
			defaultConfigurationIsVisible = 0;
			defaultConfigurationName = Release;
		};
		EAF1011C28D12BB600065763 /* Build configuration list for PBXNativeTarget "TimeLapseVideoProject" */ = {
			isa = XCConfigurationList;
			buildConfigurations = (
				EAF1011D28D12BB600065763 /* Debug */,
				EAF1011E28D12BB600065763 /* Release */,
			);
			defaultConfigurationIsVisible = 0;
			defaultConfigurationName = Release;
		};
		EAF1011F28D12BB600065763 /* Build configuration list for PBXNativeTarget "TimeLapseVideoProjectTests" */ = {
			isa = XCConfigurationList;
			buildConfigurations = (
				EAF1012028D12BB600065763 /* Debug */,
				EAF1012128D12BB600065763 /* Release */,
			);
			defaultConfigurationIsVisible = 0;
			defaultConfigurationName = Release;
		};
/* End XCConfigurationList section */

/* Begin XCVersionGroup section */
		EAF1010528D12BAE00065763 /* TimeLapseVideoProject.xcdatamodeld */ = {
			isa = XCVersionGroup;
			children = (
				EAF1010628D12BAE00065763 /* TimeLapseVideoProject.xcdatamodel */,
			);
			currentVersion = EAF1010628D12BAE00065763 /* TimeLapseVideoProject.xcdatamodel */;
			path = TimeLapseVideoProject.xcdatamodeld;
			sourceTree = "<group>";
			versionGroupType = wrapper.xcdatamodel;
		};
/* End XCVersionGroup section */
	};
	rootObject = EAF100F628D12BAE00065763 /* Project object */;
}
